
Microsoft Visual Studio Solution File, Format Version 12.00
# Visual Studio Version 17
VisualStudioVersion = 17.4.33020.496
MinimumVisualStudioVersion = 10.0.40219.1
Project("{FAE04EC0-301F-11D3-BF4B-00C04F79EFBC}") = "EduHome", "EduHome\EduHome.csproj", "{4A94047B-F335-4D41-9FA1-8A894A7148FE}"
EndProject
Global
	GlobalSection(SolutionConfigurationPlatforms) = preSolution
		Debug|Any CPU = Debug|Any CPU
		Release|Any CPU = Release|Any CPU
	EndGlobalSection
	GlobalSection(ProjectConfigurationPlatforms) = postSolution
		{4A94047B-F335-4D41-9FA1-8A894A7148FE}.Debug|Any CPU.ActiveCfg = Debug|Any CPU
		{4A94047B-F335-4D41-9FA1-8A894A7148FE}.Debug|Any CPU.Build.0 = Debug|Any CPU
		{4A94047B-F335-4D41-9FA1-8A894A7148FE}.Release|Any CPU.ActiveCfg = Release|Any CPU
		{4A94047B-F335-4D41-9FA1-8A894A7148FE}.Release|Any CPU.Build.0 = Release|Any CPU
	EndGlobalSection
	GlobalSection(SolutionProperties) = preSolution
		HideSolutionNode = FALSE
	EndGlobalSection
	GlobalSection(ExtensibilityGlobals) = postSolution
		SolutionGuid = {829967AF-D298-4A18-AF5B-593ADFAEC0BA}
	EndGlobalSection
EndGlobal
